<?xml version="1.0" encoding="utf-8"?>
<Project ToolsVersion="4.0" xmlns="http://schemas.microsoft.com/developer/msbuild/2003">
  <ItemGroup>
    <Filter Include="Kaynak Dosyalar">
      <UniqueIdentifier>{4FC737F1-C7A5-4376-A066-2A32D752A2FF}</UniqueIdentifier>
      <Extensions>cpp;c;cc;cxx;c++;cppm;ixx;def;odl;idl;hpj;bat;asm;asmx</Extensions>
    </Filter>
    <Filter Include="Üst Bilgi Dosyaları">
      <UniqueIdentifier>{93995380-89BD-4b04-88EB-625FBE52EBFB}</UniqueIdentifier>
      <Extensions>h;hh;hpp;hxx;h++;hm;inl;inc;ipp;xsd</Extensions>
    </Filter>
    <Filter Include="Kaynak Dosyaları">
      <UniqueIdentifier>{67DA6AB6-F800-4c08-8B7A-83BB121AAD01}</UniqueIdentifier>
      <Extensions>rc;ico;cur;bmp;dlg;rc2;rct;bin;rgs;gif;jpg;jpeg;jpe;resx;tiff;tif;png;wav;mfcribbon-ms</Extensions>
    </Filter>
    <Filter Include="Kaynak Dosyalar\goruntu">
      <UniqueIdentifier>{bc6547d2-559b-4012-b599-f9f48a9df3f9}</UniqueIdentifier>
    </Filter>
    <Filter Include="Kaynak Dosyalar\KitapBolumu">
      <UniqueIdentifier>{6c1b5fd5-55c0-4318-aac9-50e4a9c050ac}</UniqueIdentifier>
    </Filter>
    <Filter Include="Kaynak Dosyalar\User">
      <UniqueIdentifier>{4c798368-cc39-4ff2-808d-9a650097c32d}</UniqueIdentifier>
    </Filter>
  </ItemGroup>
  <ItemGroup>
    <ClCompile Include="Main.cpp">
      <Filter>Kaynak Dosyalar</Filter>
    </ClCompile>
    <ClCompile Include="UserLogin.cpp">
      <Filter>Kaynak Dosyalar\User</Filter>
    </ClCompile>
    <ClCompile Include="Book.cpp">
      <Filter>Kaynak Dosyalar\KitapBolumu</Filter>
    </ClCompile>
    <ClCompile Include="MainMenu.cpp">
      <Filter>Kaynak Dosyalar\goruntu</Filter>
    </ClCompile>
    <ClCompile Include="Manager.cpp">
      <Filter>Kaynak Dosyalar\User</Filter>
    </ClCompile>
    <ClCompile Include="Member.cpp">
      <Filter>Kaynak Dosyalar\User</Filter>
    </ClCompile>
    <ClCompile Include="Dfa.cpp">
      <Filter>Kaynak Dosyalar\KitapBolumu</Filter>
    </ClCompile>
  </ItemGroup>
  <ItemGroup>
    <ClInclude Include="Book.h">
      <Filter>Kaynak Dosyalar\KitapBolumu</Filter>
    </ClInclude>
    <ClInclude Include="MainMenu.h">
      <Filter>Kaynak Dosyalar\goruntu</Filter>
    </ClInclude>
    <ClInclude Include="Manager.h">
      <Filter>Kaynak Dosyalar\User</Filter>
    </ClInclude>
    <ClInclude Include="Member.h">
      <Filter>Kaynak Dosyalar\User</Filter>
    </ClInclude>
    <ClInclude Include="UserLogin.h">
      <Filter>Kaynak Dosyalar\User</Filter>
    </ClInclude>
    <ClInclude Include="Dfa.h">
      <Filter>Kaynak Dosyalar\KitapBolumu</Filter>
    </ClInclude>
  </ItemGroup>
</Project>